
Microsoft Visual Studio Solution File, Format Version 12.00
# Visual Studio Version 17
VisualStudioVersion = 17.0.32112.339
MinimumVisualStudioVersion = 10.0.40219.1
Project("{FAE04EC0-301F-11D3-BF4B-00C04F79EFBC}") = "kmeans", "kmeans\kmeans.csproj", "{E7671E70-72B3-4878-BA0E-21B0FD5DD8F7}"
EndProject
Global
	GlobalSection(SolutionConfigurationPlatforms) = preSolution
		Debug|Any CPU = Debug|Any CPU
		Release|Any CPU = Release|Any CPU
	EndGlobalSection
	GlobalSection(ProjectConfigurationPlatforms) = postSolution
		{E7671E70-72B3-4878-BA0E-21B0FD5DD8F7}.Debug|Any CPU.ActiveCfg = Debug|Any CPU
		{E7671E70-72B3-4878-BA0E-21B0FD5DD8F7}.Debug|Any CPU.Build.0 = Debug|Any CPU
		{E7671E70-72B3-4878-BA0E-21B0FD5DD8F7}.Release|Any CPU.ActiveCfg = Release|Any CPU
		{E7671E70-72B3-4878-BA0E-21B0FD5DD8F7}.Release|Any CPU.Build.0 = Release|Any CPU
	EndGlobalSection
	GlobalSection(SolutionProperties) = preSolution
		HideSolutionNode = FALSE
	EndGlobalSection
	GlobalSection(ExtensibilityGlobals) = postSolution
		SolutionGuid = {778E4048-5ABF-48BA-B45D-6CF0ECF7D05D}
	EndGlobalSection
EndGlobal
